# This file is autogenerated, do not edit; changes may be undone by the next 'dep ensure'.


[[projects]]
  branch = "master"
  name = "github.com/PagerDuty/godspeed"
  packages = ["."]
  revision = "6d136386b5f291797c77764dfd2acc950dc27347"

[[projects]]
  branch = "master"
  name = "github.com/codeskyblue/go-uuid"
  packages = ["."]
  revision = "952abbca900b023c1a80bc522ff4795db50d9d6c"

[[projects]]
  name = "github.com/jessevdk/go-flags"
  packages = ["."]
  revision = "8bc97d602c3bfeb5fc6fc9b5a9c898f245495637"
  version = "v1.1"

[[projects]]
  name = "github.com/theckman/go-flock"
  packages = ["."]
  revision = "a93fcf752ad6adea9207699d9ac3756e662126b4"

[[projects]]
  name = "github.com/tideland/golib"
  packages = ["logger"]
  revision = "596bcd1b4fc4e5f69bd3bd2fc70b7dce49be5daf"
  version = "v4.20.0"

[[projects]]
  name = "gopkg.in/check.v1"
  packages = ["."]
  revision = "4f90aeace3a26ad7021961c297b22c42160c7b25"

[solve-meta]
  analyzer-name = "dep"
  analyzer-version = 1
  inputs-digest = "bdc9305856b49ead70198b23251ee7d04abcc1c5c182141856b50d0868942bbf"
  solver-name = "gps-cdcl"
  solver-version = 1
